Microsoft Visual Studio Solution File, Format Version 12.00
# Visual Studio Version 17
VisualStudioVersion = 17.5.2.0
MinimumVisualStudioVersion = 10.0.40219.1
Project("{FAE04EC0-301F-11D3-BF4B-00C04F79EFBC}") = "InventoryMaster360", "InventoryMaster360.csproj", "{EAAD14B9-3096-9C62-B1A0-92FD70242A15}"
EndProject
Global
	GlobalSection(SolutionConfigurationPlatforms) = preSolution
		Debug|Any CPU = Debug|Any CPU
		Release|Any CPU = Release|Any CPU
	EndGlobalSection
	GlobalSection(ProjectConfigurationPlatforms) = postSolution
		{EAAD14B9-3096-9C62-B1A0-92FD70242A15}.Debug|Any CPU.ActiveCfg = Debug|Any CPU
		{EAAD14B9-3096-9C62-B1A0-92FD70242A15}.Debug|Any CPU.Build.0 = Debug|Any CPU
		{EAAD14B9-3096-9C62-B1A0-92FD70242A15}.Release|Any CPU.ActiveCfg = Release|Any CPU
		{EAAD14B9-3096-9C62-B1A0-92FD70242A15}.Release|Any CPU.Build.0 = Release|Any CPU
	EndGlobalSection
	GlobalSection(SolutionProperties) = preSolution
		HideSolutionNode = FALSE
	EndGlobalSection
	GlobalSection(ExtensibilityGlobals) = postSolution
		SolutionGuid = {70C321E9-67DD-4AEA-A80F-FE3FB4C09BD8}
	EndGlobalSection
EndGlobal
